PODS:
  - CSVImporter (1.9.1):
    - HandySwift (~> 2.5)
  - HandySwift (2.8.0)
  - IQKeyboardManagerSwift (6.2.1)
  - SVProgressHUD (2.2.5)

DEPENDENCIES:
  - CSVImporter (~> 1.7)
  - IQKeyboardManagerSwift
  - SVProgressHUD

SPEC REPOS:
  https://github.com/cocoapods/specs.git:
    - CSVImporter
    - HandySwift
    - IQKeyboardManagerSwift
    - SVProgressHUD

SPEC CHECKSUMS:
  CSVImporter: 1543192354ecf8abccd2cc77947d190fd9cf2b18
  HandySwift: 0a32500215166a56a58f972f7ce1641361307e8b
  IQKeyboardManagerSwift: 0f0ae8935360b4003e6ea1ac7c19898f01e2f7c7
  SVProgressHUD: 1428aafac632c1f86f62aa4243ec12008d7a51d6

PODFILE CHECKSUM: a6f33ac34efbc7c890e64d38dbbdc109d978c5b0

COCOAPODS: 1.5.3
